
Microsoft Visual Studio Solution File, Format Version 12.00
# Visual Studio 14
VisualStudioVersion = 14.0.25420.1
MinimumVisualStudioVersion = 10.0.40219.1
Project("{8BC9CEB8-8B4A-11D0-8D11-00A0C91BC942}") = "Thesis", "Code\Game\Game.vcxproj", "{F8E773DE-4F53-46C9-8A73-B3C0E59556D3}"
EndProject
Project("{8BC9CEB8-8B4A-11D0-8D11-00A0C91BC942}") = "Engine", "..\Engine\Engine.vcxproj", "{1AC8BD90-6803-41BD-95A0-CE98EA299C47}"
EndProject
Global
	GlobalSection(SolutionConfigurationPlatforms) = preSolution
		Debug|Win32 = Debug|Win32
		DebugInline|Win32 = DebugInline|Win32
		DebugTools|Win32 = DebugTools|Win32
		Release|Win32 = Release|Win32
		Tools Debug|Win32 = Tools Debug|Win32
	EndGlobalSection
	GlobalSection(ProjectConfigurationPlatforms) = postSolution
		{F8E773DE-4F53-46C9-8A73-B3C0E59556D3}.Debug|Win32.ActiveCfg = Debug|Win32
		{F8E773DE-4F53-46C9-8A73-B3C0E59556D3}.Debug|Win32.Build.0 = Debug|Win32
		{F8E773DE-4F53-46C9-8A73-B3C0E59556D3}.DebugInline|Win32.ActiveCfg = DebugInline|Win32
		{F8E773DE-4F53-46C9-8A73-B3C0E59556D3}.DebugInline|Win32.Build.0 = DebugInline|Win32
		{F8E773DE-4F53-46C9-8A73-B3C0E59556D3}.DebugTools|Win32.ActiveCfg = Debug|Win32
		{F8E773DE-4F53-46C9-8A73-B3C0E59556D3}.DebugTools|Win32.Build.0 = Debug|Win32
		{F8E773DE-4F53-46C9-8A73-B3C0E59556D3}.Release|Win32.ActiveCfg = Release|Win32
		{F8E773DE-4F53-46C9-8A73-B3C0E59556D3}.Release|Win32.Build.0 = Release|Win32
		{F8E773DE-4F53-46C9-8A73-B3C0E59556D3}.Tools Debug|Win32.ActiveCfg = Debug|Win32
		{F8E773DE-4F53-46C9-8A73-B3C0E59556D3}.Tools Debug|Win32.Build.0 = Debug|Win32
		{1AC8BD90-6803-41BD-95A0-CE98EA299C47}.Debug|Win32.ActiveCfg = Debug|Win32
		{1AC8BD90-6803-41BD-95A0-CE98EA299C47}.Debug|Win32.Build.0 = Debug|Win32
		{1AC8BD90-6803-41BD-95A0-CE98EA299C47}.DebugInline|Win32.ActiveCfg = DebugInline|Win32
		{1AC8BD90-6803-41BD-95A0-CE98EA299C47}.DebugInline|Win32.Build.0 = DebugInline|Win32
		{1AC8BD90-6803-41BD-95A0-CE98EA299C47}.DebugTools|Win32.ActiveCfg = DebugTools|Win32
		{1AC8BD90-6803-41BD-95A0-CE98EA299C47}.DebugTools|Win32.Build.0 = DebugTools|Win32
		{1AC8BD90-6803-41BD-95A0-CE98EA299C47}.Release|Win32.ActiveCfg = Release|Win32
		{1AC8BD90-6803-41BD-95A0-CE98EA299C47}.Release|Win32.Build.0 = Release|Win32
		{1AC8BD90-6803-41BD-95A0-CE98EA299C47}.Tools Debug|Win32.ActiveCfg = Debug|Win32
		{1AC8BD90-6803-41BD-95A0-CE98EA299C47}.Tools Debug|Win32.Build.0 = Debug|Win32
	EndGlobalSection
	GlobalSection(SolutionProperties) = preSolution
		HideSolutionNode = FALSE
	EndGlobalSection
EndGlobal
